
Microsoft Visual Studio Solution File, Format Version 12.00
# Visual Studio 15
VisualStudioVersion = 15.0.27130.2010
MinimumVisualStudioVersion = 10.0.40219.1
Project("{FAE04EC0-301F-11D3-BF4B-00C04F79EFBC}") = "NumericalAnalysisHW1", "NumericalBisectionMethod\NumericalAnalysisHW1.csproj", "{6635818B-BFBD-4DD3-88A3-CBFA55052C1F}"
EndProject
Project("{FAE04EC0-301F-11D3-BF4B-00C04F79EFBC}") = "NumericalAnalysisHW2", "NumericalAnalHW2\NumericalAnalysisHW2.csproj", "{CD99B6F5-D9CB-47E7-9FF3-BE361F887035}"
EndProject
Global
	GlobalSection(SolutionConfigurationPlatforms) = preSolution
		Debug|Any CPU = Debug|Any CPU
		Release|Any CPU = Release|Any CPU
	EndGlobalSection
	GlobalSection(ProjectConfigurationPlatforms) = postSolution
		{6635818B-BFBD-4DD3-88A3-CBFA55052C1F}.Debug|Any CPU.ActiveCfg = Debug|Any CPU
		{6635818B-BFBD-4DD3-88A3-CBFA55052C1F}.Debug|Any CPU.Build.0 = Debug|Any CPU
		{6635818B-BFBD-4DD3-88A3-CBFA55052C1F}.Release|Any CPU.ActiveCfg = Release|Any CPU
		{6635818B-BFBD-4DD3-88A3-CBFA55052C1F}.Release|Any CPU.Build.0 = Release|Any CPU
		{CD99B6F5-D9CB-47E7-9FF3-BE361F887035}.Debug|Any CPU.ActiveCfg = Debug|Any CPU
		{CD99B6F5-D9CB-47E7-9FF3-BE361F887035}.Debug|Any CPU.Build.0 = Debug|Any CPU
		{CD99B6F5-D9CB-47E7-9FF3-BE361F887035}.Release|Any CPU.ActiveCfg = Release|Any CPU
		{CD99B6F5-D9CB-47E7-9FF3-BE361F887035}.Release|Any CPU.Build.0 = Release|Any CPU
	EndGlobalSection
	GlobalSection(SolutionProperties) = preSolution
		HideSolutionNode = FALSE
	EndGlobalSection
	GlobalSection(ExtensibilityGlobals) = postSolution
		SolutionGuid = {0D119CD8-F794-4E7C-B936-9FCB8E5720B8}
	EndGlobalSection
EndGlobal
